
Microsoft Visual Studio Solution File, Format Version 12.00
# Visual Studio 15
VisualStudioVersion = 15.0.28307.539
MinimumVisualStudioVersion = 10.0.40219.1
Project("{FAE04EC0-301F-11D3-BF4B-00C04F79EFBC}") = "BrunoSzczuk", "BrunoSzczuk\BrunoSzczuk.csproj", "{84439CFA-4DC2-4194-A005-BAA55567AADF}"
EndProject
Global
	GlobalSection(SolutionConfigurationPlatforms) = preSolution
		Debug|Any CPU = Debug|Any CPU
		Release|Any CPU = Release|Any CPU
	EndGlobalSection
	GlobalSection(ProjectConfigurationPlatforms) = postSolution
		{84439CFA-4DC2-4194-A005-BAA55567AADF}.Debug|Any CPU.ActiveCfg = Debug|Any CPU
		{84439CFA-4DC2-4194-A005-BAA55567AADF}.Debug|Any CPU.Build.0 = Debug|Any CPU
		{84439CFA-4DC2-4194-A005-BAA55567AADF}.Release|Any CPU.ActiveCfg = Release|Any CPU
		{84439CFA-4DC2-4194-A005-BAA55567AADF}.Release|Any CPU.Build.0 = Release|Any CPU
	EndGlobalSection
	GlobalSection(SolutionProperties) = preSolution
		HideSolutionNode = FALSE
	EndGlobalSection
	GlobalSection(ExtensibilityGlobals) = postSolution
		SolutionGuid = {BD711D07-7BC1-49AF-B59C-308CE1B26C24}
	EndGlobalSection
EndGlobal
